// !$*UTF8*$!
{
	archiveVersion = 1;
	classes = {
	};
	objectVersion = 50;
	objects = {

/* Begin PBXBuildFile section */
		350C9FA821BBF9A0001370A7 /* DYSDemo02DrawView3.m in Sources */ = {isa = PBXBuildFile; fileRef = 350C9FA721BBF9A0001370A7 /* DYSDemo02DrawView3.m */; };
		350C9FAB21BBFC21001370A7 /* Chalk.png in Resources */ = {isa = PBXBuildFile; fileRef = 350C9FA921BBFC21001370A7 /* Chalk.png */; };
		350C9FAC21BBFC21001370A7 /* Chalk@2x.png in Resources */ = {isa = PBXBuildFile; fileRef = 350C9FAA21BBFC21001370A7 /* Chalk@2x.png */; };
		35D40F6721BC09BE008B03B3 /* DYSDemo02DrawView4.m in Sources */ = {isa = PBXBuildFile; fileRef = 35D40F6621BC09BE008B03B3 /* DYSDemo02DrawView4.m */; };
		35D40F6B21BC0CC5008B03B3 /* DYSDemo03ViewController.m in Sources */ = {isa = PBXBuildFile; fileRef = 35D40F6921BC0CC5008B03B3 /* DYSDemo03ViewController.m */; };
		35D40F6C21BC0CC5008B03B3 /* DYSDemo03ViewController.xib in Resources */ = {isa = PBXBuildFile; fileRef = 35D40F6A21BC0CC5008B03B3 /* DYSDemo03ViewController.xib */; };
		F73ABFE721BA6E0900EF160A /* AppDelegate.m in Sources */ = {isa = PBXBuildFile; fileRef = F73ABFE621BA6E0900EF160A /* AppDelegate.m */; };
		F73ABFEA21BA6E0900EF160A /* ViewController.m in Sources */ = {isa = PBXBuildFile; fileRef = F73ABFE921BA6E0900EF160A /* ViewController.m */; };
		F73ABFED21BA6E0900EF160A /* Main.storyboard in Resources */ = {isa = PBXBuildFile; fileRef = F73ABFEB21BA6E0900EF160A /* Main.storyboard */; };
		F73ABFEF21BA6E0D00EF160A /* Assets.xcassets in Resources */ = {isa = PBXBuildFile; fileRef = F73ABFEE21BA6E0D00EF160A /* Assets.xcassets */; };
		F73ABFF221BA6E0D00EF160A /* LaunchScreen.storyboard in Resources */ = {isa = PBXBuildFile; fileRef = F73ABFF021BA6E0D00EF160A /* LaunchScreen.storyboard */; };
		F73ABFF521BA6E0D00EF160A /* main.m in Sources */ = {isa = PBXBuildFile; fileRef = F73ABFF421BA6E0D00EF160A /* main.m */; };
		F73ABFFE21BA708100EF160A /* DYSDemo01ViewController.m in Sources */ = {isa = PBXBuildFile; fileRef = F73ABFFC21BA708100EF160A /* DYSDemo01ViewController.m */; };
		F73ABFFF21BA708100EF160A /* DYSDemo01ViewController.xib in Resources */ = {isa = PBXBuildFile; fileRef = F73ABFFD21BA708100EF160A /* DYSDemo01ViewController.xib */; };
		F73AC00421BA74AF00EF160A /* baby.png in Resources */ = {isa = PBXBuildFile; fileRef = F73AC00121BA74AF00EF160A /* baby.png */; };
		F73AC00621BA74AF00EF160A /* beauty.png in Resources */ = {isa = PBXBuildFile; fileRef = F73AC00321BA74AF00EF160A /* beauty.png */; };
		F73AC00821BA752200EF160A /* dog.png in Resources */ = {isa = PBXBuildFile; fileRef = F73AC00721BA752200EF160A /* dog.png */; };
		F73AC00C21BA810A00EF160A /* DYSDemo02ViewController.m in Sources */ = {isa = PBXBuildFile; fileRef = F73AC00A21BA810A00EF160A /* DYSDemo02ViewController.m */; };
		F73AC00D21BA810A00EF160A /* DYSDemo02ViewController.xib in Resources */ = {isa = PBXBuildFile; fileRef = F73AC00B21BA810A00EF160A /* DYSDemo02ViewController.xib */; };
		F73AC01021BA813600EF160A /* DYSDemo02DrawView.m in Sources */ = {isa = PBXBuildFile; fileRef = F73AC00F21BA813600EF160A /* DYSDemo02DrawView.m */; };
		F73AC01421BA9BD100EF160A /* DYSDemo02DrawView2.m in Sources */ = {isa = PBXBuildFile; fileRef = F73AC01321BA9BD100EF160A /* DYSDemo02DrawView2.m */; };
		F73AC02D21BE1BE900EF160A /* Vacation Photos in Resources */ = {isa = PBXBuildFile; fileRef = F73AC02C21BE1BE900EF160A /* Vacation Photos */; };
		F7622A9B21BE761300856A8D /* DYSDemo04ViewController.m in Sources */ = {isa = PBXBuildFile; fileRef = F7622A9921BE761300856A8D /* DYSDemo04ViewController.m */; };
		F7622A9C21BE761300856A8D /* DYSDemo04ViewController.xib in Resources */ = {isa = PBXBuildFile; fileRef = F7622A9A21BE761300856A8D /* DYSDemo04ViewController.xib */; };
		F7622AA021BE831000856A8D /* DYSDemo05ViewController.m in Sources */ = {isa = PBXBuildFile; fileRef = F7622A9E21BE831000856A8D /* DYSDemo05ViewController.m */; };
		F7622AA121BE831000856A8D /* DYSDemo05ViewController.xib in Resources */ = {isa = PBXBuildFile; fileRef = F7622A9F21BE831000856A8D /* DYSDemo05ViewController.xib */; };
		F7622AA521BE836600856A8D /* DYSDemo06ViewController.m in Sources */ = {isa = PBXBuildFile; fileRef = F7622AA321BE836600856A8D /* DYSDemo06ViewController.m */; };
		F7622AA621BE836600856A8D /* DYSDemo06ViewController.xib in Resources */ = {isa = PBXBuildFile; fileRef = F7622AA421BE836600856A8D /* DYSDemo06ViewController.xib */; };
		F7FC6E1921BF606100501F74 /* DYSDemo07ViewController.m in Sources */ = {isa = PBXBuildFile; fileRef = F7FC6E1721BF606100501F74 /* DYSDemo07ViewController.m */; };
		F7FC6E1A21BF606100501F74 /* DYSDemo07ViewController.xib in Resources */ = {isa = PBXBuildFile; fileRef = F7FC6E1821BF606100501F74 /* DYSDemo07ViewController.xib */; };
		F7FC6E1D21BF72AF00501F74 /* Rounded.png in Resources */ = {isa = PBXBuildFile; fileRef = F7FC6E1B21BF72AE00501F74 /* Rounded.png */; };
		F7FC6E1E21BF72AF00501F74 /* Rounded@2x.png in Resources */ = {isa = PBXBuildFile; fileRef = F7FC6E1C21BF72AE00501F74 /* Rounded@2x.png */; };
		F7FC6E2221BF8B4300501F74 /* DYSDemo08ViewController.m in Sources */ = {isa = PBXBuildFile; fileRef = F7FC6E2021BF8B4300501F74 /* DYSDemo08ViewController.m */; };
		F7FC6E2321BF8B4300501F74 /* DYSDemo08ViewController.xib in Resources */ = {isa = PBXBuildFile; fileRef = F7FC6E2121BF8B4300501F74 /* DYSDemo08ViewController.xib */; };
		F7FC6E2721BFB60E00501F74 /* DYSDemo09ViewController.m in Sources */ = {isa = PBXBuildFile; fileRef = F7FC6E2521BFB60E00501F74 /* DYSDemo09ViewController.m */; };
		F7FC6E2821BFB60E00501F74 /* DYSDemo09ViewController.xib in Resources */ = {isa = PBXBuildFile; fileRef = F7FC6E2621BFB60E00501F74 /* DYSDemo09ViewController.xib */; };
/* End PBXBuildFile section */

/* Begin PBXFileReference section */
		350C9FA621BBF9A0001370A7 /* DYSDemo02DrawView3.h */ = {isa = PBXFileReference; lastKnownFileType = sourcecode.c.h; path = DYSDemo02DrawView3.h; sourceTree = "<group>"; };
		350C9FA721BBF9A0001370A7 /* DYSDemo02DrawView3.m */ = {isa = PBXFileReference; lastKnownFileType = sourcecode.c.objc; path = DYSDemo02DrawView3.m; sourceTree = "<group>"; };
		350C9FA921BBFC21001370A7 /* Chalk.png */ = {isa = PBXFileReference; lastKnownFileType = image.png; path = Chalk.png; sourceTree = "<group>"; };
		350C9FAA21BBFC21001370A7 /* Chalk@2x.png */ = {isa = PBXFileReference; lastKnownFileType = image.png; path = "Chalk@2x.png"; sourceTree = "<group>"; };
		35D40F6521BC09BE008B03B3 /* DYSDemo02DrawView4.h */ = {isa = PBXFileReference; lastKnownFileType = sourcecode.c.h; path = DYSDemo02DrawView4.h; sourceTree = "<group>"; };
		35D40F6621BC09BE008B03B3 /* DYSDemo02DrawView4.m */ = {isa = PBXFileReference; lastKnownFileType = sourcecode.c.objc; path = DYSDemo02DrawView4.m; sourceTree = "<group>"; };
		35D40F6821BC0CC5008B03B3 /* DYSDemo03ViewController.h */ = {isa = PBXFileReference; lastKnownFileType = sourcecode.c.h; path = DYSDemo03ViewController.h; sourceTree = "<group>"; };
		35D40F6921BC0CC5008B03B3 /* DYSDemo03ViewController.m */ = {isa = PBXFileReference; lastKnownFileType = sourcecode.c.objc; path = DYSDemo03ViewController.m; sourceTree = "<group>"; };
		35D40F6A21BC0CC5008B03B3 /* DYSDemo03ViewController.xib */ = {isa = PBXFileReference; lastKnownFileType = file.xib; path = DYSDemo03ViewController.xib; sourceTree = "<group>"; };
		F73ABFE221BA6E0900EF160A /* PerformanceOptimization.app */ = {isa = PBXFileReference; explicitFileType = wrapper.application; includeInIndex = 0; path = PerformanceOptimization.app; sourceTree = BUILT_PRODUCTS_DIR; };
		F73ABFE521BA6E0900EF160A /* AppDelegate.h */ = {isa = PBXFileReference; lastKnownFileType = sourcecode.c.h; path = AppDelegate.h; sourceTree = "<group>"; };
		F73ABFE621BA6E0900EF160A /* AppDelegate.m */ = {isa = PBXFileReference; lastKnownFileType = sourcecode.c.objc; path = AppDelegate.m; sourceTree = "<group>"; };
		F73ABFE821BA6E0900EF160A /* ViewController.h */ = {isa = PBXFileReference; lastKnownFileType = sourcecode.c.h; path = ViewController.h; sourceTree = "<group>"; };
		F73ABFE921BA6E0900EF160A /* ViewController.m */ = {isa = PBXFileReference; lastKnownFileType = sourcecode.c.objc; path = ViewController.m; sourceTree = "<group>"; };
		F73ABFEC21BA6E0900EF160A /* Base */ = {isa = PBXFileReference; lastKnownFileType = file.storyboard; name = Base; path = Base.lproj/Main.storyboard; sourceTree = "<group>"; };
		F73ABFEE21BA6E0D00EF160A /* Assets.xcassets */ = {isa = PBXFileReference; lastKnownFileType = folder.assetcatalog; path = Assets.xcassets; sourceTree = "<group>"; };
		F73ABFF121BA6E0D00EF160A /* Base */ = {isa = PBXFileReference; lastKnownFileType = file.storyboard; name = Base; path = Base.lproj/LaunchScreen.storyboard; sourceTree = "<group>"; };
		F73ABFF321BA6E0D00EF160A /* Info.plist */ = {isa = PBXFileReference; lastKnownFileType = text.plist.xml; path = Info.plist; sourceTree = "<group>"; };
		F73ABFF421BA6E0D00EF160A /* main.m */ = {isa = PBXFileReference; lastKnownFileType = sourcecode.c.objc; path = main.m; sourceTree = "<group>"; };
		F73ABFFB21BA708100EF160A /* DYSDemo01ViewController.h */ = {isa = PBXFileReference; lastKnownFileType = sourcecode.c.h; path = DYSDemo01ViewController.h; sourceTree = "<group>"; };
		F73ABFFC21BA708100EF160A /* DYSDemo01ViewController.m */ = {isa = PBXFileReference; lastKnownFileType = sourcecode.c.objc; path = DYSDemo01ViewController.m; sourceTree = "<group>"; };
		F73ABFFD21BA708100EF160A /* DYSDemo01ViewController.xib */ = {isa = PBXFileReference; lastKnownFileType = file.xib; path = DYSDemo01ViewController.xib; sourceTree = "<group>"; };
		F73AC00121BA74AF00EF160A /* baby.png */ = {isa = PBXFileReference; lastKnownFileType = image.png; path = baby.png; sourceTree = "<group>"; };
		F73AC00321BA74AF00EF160A /* beauty.png */ = {isa = PBXFileReference; lastKnownFileType = image.png; path = beauty.png; sourceTree = "<group>"; };
		F73AC00721BA752200EF160A /* dog.png */ = {isa = PBXFileReference; lastKnownFileType = image.png; path = dog.png; sourceTree = "<group>"; };
		F73AC00921BA810A00EF160A /* DYSDemo02ViewController.h */ = {isa = PBXFileReference; lastKnownFileType = sourcecode.c.h; path = DYSDemo02ViewController.h; sourceTree = "<group>"; };
		F73AC00A21BA810A00EF160A /* DYSDemo02ViewController.m */ = {isa = PBXFileReference; lastKnownFileType = sourcecode.c.objc; path = DYSDemo02ViewController.m; sourceTree = "<group>"; };
		F73AC00B21BA810A00EF160A /* DYSDemo02ViewController.xib */ = {isa = PBXFileReference; lastKnownFileType = file.xib; path = DYSDemo02ViewController.xib; sourceTree = "<group>"; };
		F73AC00E21BA813600EF160A /* DYSDemo02DrawView.h */ = {isa = PBXFileReference; lastKnownFileType = sourcecode.c.h; path = DYSDemo02DrawView.h; sourceTree = "<group>"; };
		F73AC00F21BA813600EF160A /* DYSDemo02DrawView.m */ = {isa = PBXFileReference; lastKnownFileType = sourcecode.c.objc; path = DYSDemo02DrawView.m; sourceTree = "<group>"; };
		F73AC01221BA9BD100EF160A /* DYSDemo02DrawView2.h */ = {isa = PBXFileReference; lastKnownFileType = sourcecode.c.h; path = DYSDemo02DrawView2.h; sourceTree = "<group>"; };
		F73AC01321BA9BD100EF160A /* DYSDemo02DrawView2.m */ = {isa = PBXFileReference; lastKnownFileType = sourcecode.c.objc; path = DYSDemo02DrawView2.m; sourceTree = "<group>"; };
		F73AC02C21BE1BE900EF160A /* Vacation Photos */ = {isa = PBXFileReference; lastKnownFileType = folder; path = "Vacation Photos"; sourceTree = SOURCE_ROOT; };
		F7622A9821BE761300856A8D /* DYSDemo04ViewController.h */ = {isa = PBXFileReference; lastKnownFileType = sourcecode.c.h; path = DYSDemo04ViewController.h; sourceTree = "<group>"; };
		F7622A9921BE761300856A8D /* DYSDemo04ViewController.m */ = {isa = PBXFileReference; lastKnownFileType = sourcecode.c.objc; path = DYSDemo04ViewController.m; sourceTree = "<group>"; };
		F7622A9A21BE761300856A8D /* DYSDemo04ViewController.xib */ = {isa = PBXFileReference; lastKnownFileType = file.xib; path = DYSDemo04ViewController.xib; sourceTree = "<group>"; };
		F7622A9D21BE831000856A8D /* DYSDemo05ViewController.h */ = {isa = PBXFileReference; lastKnownFileType = sourcecode.c.h; path = DYSDemo05ViewController.h; sourceTree = "<group>"; };
		F7622A9E21BE831000856A8D /* DYSDemo05ViewController.m */ = {isa = PBXFileReference; lastKnownFileType = sourcecode.c.objc; path = DYSDemo05ViewController.m; sourceTree = "<group>"; };
		F7622A9F21BE831000856A8D /* DYSDemo05ViewController.xib */ = {isa = PBXFileReference; lastKnownFileType = file.xib; path = DYSDemo05ViewController.xib; sourceTree = "<group>"; };
		F7622AA221BE836600856A8D /* DYSDemo06ViewController.h */ = {isa = PBXFileReference; lastKnownFileType = sourcecode.c.h; path = DYSDemo06ViewController.h; sourceTree = "<group>"; };
		F7622AA321BE836600856A8D /* DYSDemo06ViewController.m */ = {isa = PBXFileReference; lastKnownFileType = sourcecode.c.objc; path = DYSDemo06ViewController.m; sourceTree = "<group>"; };
		F7622AA421BE836600856A8D /* DYSDemo06ViewController.xib */ = {isa = PBXFileReference; lastKnownFileType = file.xib; path = DYSDemo06ViewController.xib; sourceTree = "<group>"; };
		F7622AA721BE8C1600856A8D /* PrefixHeader.pch */ = {isa = PBXFileReference; lastKnownFileType = sourcecode.c.h; path = PrefixHeader.pch; sourceTree = "<group>"; };
		F7FC6E1621BF606100501F74 /* DYSDemo07ViewController.h */ = {isa = PBXFileReference; lastKnownFileType = sourcecode.c.h; path = DYSDemo07ViewController.h; sourceTree = "<group>"; };
		F7FC6E1721BF606100501F74 /* DYSDemo07ViewController.m */ = {isa = PBXFileReference; lastKnownFileType = sourcecode.c.objc; path = DYSDemo07ViewController.m; sourceTree = "<group>"; };
		F7FC6E1821BF606100501F74 /* DYSDemo07ViewController.xib */ = {isa = PBXFileReference; lastKnownFileType = file.xib; path = DYSDemo07ViewController.xib; sourceTree = "<group>"; };
		F7FC6E1B21BF72AE00501F74 /* Rounded.png */ = {isa = PBXFileReference; lastKnownFileType = image.png; path = Rounded.png; sourceTree = "<group>"; };
		F7FC6E1C21BF72AE00501F74 /* Rounded@2x.png */ = {isa = PBXFileReference; lastKnownFileType = image.png; path = "Rounded@2x.png"; sourceTree = "<group>"; };
		F7FC6E1F21BF8B4300501F74 /* DYSDemo08ViewController.h */ = {isa = PBXFileReference; lastKnownFileType = sourcecode.c.h; path = DYSDemo08ViewController.h; sourceTree = "<group>"; };
		F7FC6E2021BF8B4300501F74 /* DYSDemo08ViewController.m */ = {isa = PBXFileReference; lastKnownFileType = sourcecode.c.objc; path = DYSDemo08ViewController.m; sourceTree = "<group>"; };
		F7FC6E2121BF8B4300501F74 /* DYSDemo08ViewController.xib */ = {isa = PBXFileReference; lastKnownFileType = file.xib; path = DYSDemo08ViewController.xib; sourceTree = "<group>"; };
		F7FC6E2421BFB60E00501F74 /* DYSDemo09ViewController.h */ = {isa = PBXFileReference; lastKnownFileType = sourcecode.c.h; path = DYSDemo09ViewController.h; sourceTree = "<group>"; };
		F7FC6E2521BFB60E00501F74 /* DYSDemo09ViewController.m */ = {isa = PBXFileReference; lastKnownFileType = sourcecode.c.objc; path = DYSDemo09ViewController.m; sourceTree = "<group>"; };
		F7FC6E2621BFB60E00501F74 /* DYSDemo09ViewController.xib */ = {isa = PBXFileReference; lastKnownFileType = file.xib; path = DYSDemo09ViewController.xib; sourceTree = "<group>"; };
/* End PBXFileReference section */

/* Begin PBXFrameworksBuildPhase section */
		F73ABFDF21BA6E0900EF160A /* Frameworks */ = {
			isa = PBXFrameworksBuildPhase;
			buildActionMask = 2147483647;
			files = (
			);
			runOnlyForDeploymentPostprocessing = 0;
		};
/* End PBXFrameworksBuildPhase section */

/* Begin PBXGroup section */
		F73ABFD921BA6E0900EF160A = {
			isa = PBXGroup;
			children = (
				F73ABFE421BA6E0900EF160A /* PerformanceOptimization */,
				F73ABFE321BA6E0900EF160A /* Products */,
			);
			sourceTree = "<group>";
		};
		F73ABFE321BA6E0900EF160A /* Products */ = {
			isa = PBXGroup;
			children = (
				F73ABFE221BA6E0900EF160A /* PerformanceOptimization.app */,
			);
			name = Products;
			sourceTree = "<group>";
		};
		F73ABFE421BA6E0900EF160A /* PerformanceOptimization */ = {
			isa = PBXGroup;
			children = (
				F7FC6E1B21BF72AE00501F74 /* Rounded.png */,
				F7FC6E1C21BF72AE00501F74 /* Rounded@2x.png */,
				F73AC02C21BE1BE900EF160A /* Vacation Photos */,
				350C9FA921BBFC21001370A7 /* Chalk.png */,
				350C9FAA21BBFC21001370A7 /* Chalk@2x.png */,
				F73AC00021BA749100EF160A /* images */,
				F73ABFE521BA6E0900EF160A /* AppDelegate.h */,
				F73ABFE621BA6E0900EF160A /* AppDelegate.m */,
				F73ABFE821BA6E0900EF160A /* ViewController.h */,
				F73ABFE921BA6E0900EF160A /* ViewController.m */,
				F7FC6E2421BFB60E00501F74 /* DYSDemo09ViewController.h */,
				F7FC6E2521BFB60E00501F74 /* DYSDemo09ViewController.m */,
				F7FC6E2621BFB60E00501F74 /* DYSDemo09ViewController.xib */,
				F7FC6E1F21BF8B4300501F74 /* DYSDemo08ViewController.h */,
				F7FC6E2021BF8B4300501F74 /* DYSDemo08ViewController.m */,
				F7FC6E2121BF8B4300501F74 /* DYSDemo08ViewController.xib */,
				F7FC6E1621BF606100501F74 /* DYSDemo07ViewController.h */,
				F7FC6E1721BF606100501F74 /* DYSDemo07ViewController.m */,
				F7FC6E1821BF606100501F74 /* DYSDemo07ViewController.xib */,
				F7622AA221BE836600856A8D /* DYSDemo06ViewController.h */,
				F7622AA321BE836600856A8D /* DYSDemo06ViewController.m */,
				F7622AA421BE836600856A8D /* DYSDemo06ViewController.xib */,
				F7622A9D21BE831000856A8D /* DYSDemo05ViewController.h */,
				F7622A9E21BE831000856A8D /* DYSDemo05ViewController.m */,
				F7622A9F21BE831000856A8D /* DYSDemo05ViewController.xib */,
				F7622A9821BE761300856A8D /* DYSDemo04ViewController.h */,
				F7622A9921BE761300856A8D /* DYSDemo04ViewController.m */,
				F7622A9A21BE761300856A8D /* DYSDemo04ViewController.xib */,
				35D40F6821BC0CC5008B03B3 /* DYSDemo03ViewController.h */,
				35D40F6921BC0CC5008B03B3 /* DYSDemo03ViewController.m */,
				35D40F6A21BC0CC5008B03B3 /* DYSDemo03ViewController.xib */,
				F73AC01121BA994400EF160A /* Demo02 */,
				F73ABFFB21BA708100EF160A /* DYSDemo01ViewController.h */,
				F73ABFFC21BA708100EF160A /* DYSDemo01ViewController.m */,
				F73ABFFD21BA708100EF160A /* DYSDemo01ViewController.xib */,
				F73ABFEB21BA6E0900EF160A /* Main.storyboard */,
				F73ABFEE21BA6E0D00EF160A /* Assets.xcassets */,
				F73ABFF021BA6E0D00EF160A /* LaunchScreen.storyboard */,
				F73ABFF321BA6E0D00EF160A /* Info.plist */,
				F73ABFF421BA6E0D00EF160A /* main.m */,
				F7622AA721BE8C1600856A8D /* PrefixHeader.pch */,
			);
			path = PerformanceOptimization;
			sourceTree = "<group>";
		};
		F73AC00021BA749100EF160A /* images */ = {
			isa = PBXGroup;
			children = (
				F73AC00721BA752200EF160A /* dog.png */,
				F73AC00121BA74AF00EF160A /* baby.png */,
				F73AC00321BA74AF00EF160A /* beauty.png */,
			);
			path = images;
			sourceTree = "<group>";
		};
		F73AC01121BA994400EF160A /* Demo02 */ = {
			isa = PBXGroup;
			children = (
				F73AC00921BA810A00EF160A /* DYSDemo02ViewController.h */,
				F73AC00A21BA810A00EF160A /* DYSDemo02ViewController.m */,
				F73AC00B21BA810A00EF160A /* DYSDemo02ViewController.xib */,
				F73AC00E21BA813600EF160A /* DYSDemo02DrawView.h */,
				F73AC00F21BA813600EF160A /* DYSDemo02DrawView.m */,
				F73AC01221BA9BD100EF160A /* DYSDemo02DrawView2.h */,
				F73AC01321BA9BD100EF160A /* DYSDemo02DrawView2.m */,
				350C9FA621BBF9A0001370A7 /* DYSDemo02DrawView3.h */,
				350C9FA721BBF9A0001370A7 /* DYSDemo02DrawView3.m */,
				35D40F6521BC09BE008B03B3 /* DYSDemo02DrawView4.h */,
				35D40F6621BC09BE008B03B3 /* DYSDemo02DrawView4.m */,
			);
			path = Demo02;
			sourceTree = "<group>";
		};
/* End PBXGroup section */

/* Begin PBXNativeTarget section */
		F73ABFE121BA6E0900EF160A /* PerformanceOptimization */ = {
			isa = PBXNativeTarget;
			buildConfigurationList = F73ABFF821BA6E0D00EF160A /* Build configuration list for PBXNativeTarget "PerformanceOptimization" */;
			buildPhases = (
				F73ABFDE21BA6E0900EF160A /* Sources */,
				F73ABFDF21BA6E0900EF160A /* Frameworks */,
				F73ABFE021BA6E0900EF160A /* Resources */,
			);
			buildRules = (
			);
			dependencies = (
			);
			name = PerformanceOptimization;
			productName = PerformanceOptimization;
			productReference = F73ABFE221BA6E0900EF160A /* PerformanceOptimization.app */;
			productType = "com.apple.product-type.application";
		};
/* End PBXNativeTarget section */

/* Begin PBXProject section */
		F73ABFDA21BA6E0900EF160A /* Project object */ = {
			isa = PBXProject;
			attributes = {
				CLASSPREFIX = DYS;
				LastUpgradeCheck = 1010;
				ORGANIZATIONNAME = "丁玉松";
				TargetAttributes = {
					F73ABFE121BA6E0900EF160A = {
						CreatedOnToolsVersion = 10.1;
					};
				};
			};
			buildConfigurationList = F73ABFDD21BA6E0900EF160A /* Build configuration list for PBXProject "PerformanceOptimization" */;
			compatibilityVersion = "Xcode 9.3";
			developmentRegion = en;
			hasScannedForEncodings = 0;
			knownRegions = (
				en,
				Base,
			);
			mainGroup = F73ABFD921BA6E0900EF160A;
			productRefGroup = F73ABFE321BA6E0900EF160A /* Products */;
			projectDirPath = "";
			projectRoot = "";
			targets = (
				F73ABFE121BA6E0900EF160A /* PerformanceOptimization */,
			);
		};
/* End PBXProject section */

/* Begin PBXResourcesBuildPhase section */
		F73ABFE021BA6E0900EF160A /* Resources */ = {
			isa = PBXResourcesBuildPhase;
			buildActionMask = 2147483647;
			files = (
				35D40F6C21BC0CC5008B03B3 /* DYSDemo03ViewController.xib in Resources */,
				F73AC00821BA752200EF160A /* dog.png in Resources */,
				F73ABFF221BA6E0D00EF160A /* LaunchScreen.storyboard in Resources */,
				F73AC00D21BA810A00EF160A /* DYSDemo02ViewController.xib in Resources */,
				F73AC00421BA74AF00EF160A /* baby.png in Resources */,
				F7622A9C21BE761300856A8D /* DYSDemo04ViewController.xib in Resources */,
				F7FC6E1E21BF72AF00501F74 /* Rounded@2x.png in Resources */,
				F73AC02D21BE1BE900EF160A /* Vacation Photos in Resources */,
				F7FC6E1A21BF606100501F74 /* DYSDemo07ViewController.xib in Resources */,
				F7FC6E2821BFB60E00501F74 /* DYSDemo09ViewController.xib in Resources */,
				F7FC6E1D21BF72AF00501F74 /* Rounded.png in Resources */,
				F7622AA121BE831000856A8D /* DYSDemo05ViewController.xib in Resources */,
				F7FC6E2321BF8B4300501F74 /* DYSDemo08ViewController.xib in Resources */,
				F73ABFFF21BA708100EF160A /* DYSDemo01ViewController.xib in Resources */,
				F73ABFEF21BA6E0D00EF160A /* Assets.xcassets in Resources */,
				F7622AA621BE836600856A8D /* DYSDemo06ViewController.xib in Resources */,
				350C9FAC21BBFC21001370A7 /* Chalk@2x.png in Resources */,
				F73AC00621BA74AF00EF160A /* beauty.png in Resources */,
				350C9FAB21BBFC21001370A7 /* Chalk.png in Resources */,
				F73ABFED21BA6E0900EF160A /* Main.storyboard in Resources */,
			);
			runOnlyForDeploymentPostprocessing = 0;
		};
/* End PBXResourcesBuildPhase section */

/* Begin PBXSourcesBuildPhase section */
		F73ABFDE21BA6E0900EF160A /* Sources */ = {
			isa = PBXSourcesBuildPhase;
			buildActionMask = 2147483647;
			files = (
				F73ABFEA21BA6E0900EF160A /* ViewController.m in Sources */,
				F7FC6E2721BFB60E00501F74 /* DYSDemo09ViewController.m in Sources */,
				F7622AA021BE831000856A8D /* DYSDemo05ViewController.m in Sources */,
				F7FC6E2221BF8B4300501F74 /* DYSDemo08ViewController.m in Sources */,
				F73ABFFE21BA708100EF160A /* DYSDemo01ViewController.m in Sources */,
				350C9FA821BBF9A0001370A7 /* DYSDemo02DrawView3.m in Sources */,
				F7622A9B21BE761300856A8D /* DYSDemo04ViewController.m in Sources */,
				F7622AA521BE836600856A8D /* DYSDemo06ViewController.m in Sources */,
				35D40F6721BC09BE008B03B3 /* DYSDemo02DrawView4.m in Sources */,
				F7FC6E1921BF606100501F74 /* DYSDemo07ViewController.m in Sources */,
				F73AC01421BA9BD100EF160A /* DYSDemo02DrawView2.m in Sources */,
				35D40F6B21BC0CC5008B03B3 /* DYSDemo03ViewController.m in Sources */,
				F73AC01021BA813600EF160A /* DYSDemo02DrawView.m in Sources */,
				F73AC00C21BA810A00EF160A /* DYSDemo02ViewController.m in Sources */,
				F73ABFF521BA6E0D00EF160A /* main.m in Sources */,
				F73ABFE721BA6E0900EF160A /* AppDelegate.m in Sources */,
			);
			runOnlyForDeploymentPostprocessing = 0;
		};
/* End PBXSourcesBuildPhase section */

/* Begin PBXVariantGroup section */
		F73ABFEB21BA6E0900EF160A /* Main.storyboard */ = {
			isa = PBXVariantGroup;
			children = (
				F73ABFEC21BA6E0900EF160A /* Base */,
			);
			name = Main.storyboard;
			sourceTree = "<group>";
		};
		F73ABFF021BA6E0D00EF160A /* LaunchScreen.storyboard */ = {
			isa = PBXVariantGroup;
			children = (
				F73ABFF121BA6E0D00EF160A /* Base */,
			);
			name = LaunchScreen.storyboard;
			sourceTree = "<group>";
		};
/* End PBXVariantGroup section */

/* Begin XCBuildConfiguration section */
		F73ABFF621BA6E0D00EF160A /* Debug */ = {
			isa = XCBuildConfiguration;
			buildSettings = {
				ALWAYS_SEARCH_USER_PATHS = NO;
				CLANG_ANALYZER_NONNULL = YES;
				CLANG_ANALYZER_NUMBER_OBJECT_CONVERSION = YES_AGGRESSIVE;
				CLANG_CXX_LANGUAGE_STANDARD = "gnu++14";
				CLANG_CXX_LIBRARY = "libc++";
				CLANG_ENABLE_MODULES = YES;
				CLANG_ENABLE_OBJC_ARC = YES;
				CLANG_ENABLE_OBJC_WEAK = YES;
				CLANG_WARN_BLOCK_CAPTURE_AUTORELEASING = YES;
				CLANG_WARN_BOOL_CONVERSION = YES;
				CLANG_WARN_COMMA = YES;
				CLANG_WARN_CONSTANT_CONVERSION = YES;
				CLANG_WARN_DEPRECATED_OBJC_IMPLEMENTATIONS = YES;
				CLANG_WARN_DIRECT_OBJC_ISA_USAGE = YES_ERROR;
				CLANG_WARN_DOCUMENTATION_COMMENTS = YES;
				CLANG_WARN_EMPTY_BODY = YES;
				CLANG_WARN_ENUM_CONVERSION = YES;
				CLANG_WARN_INFINITE_RECURSION = YES;
				CLANG_WARN_INT_CONVERSION = YES;
				CLANG_WARN_NON_LITERAL_NULL_CONVERSION = YES;
				CLANG_WARN_OBJC_IMPLICIT_RETAIN_SELF = YES;
				CLANG_WARN_OBJC_LITERAL_CONVERSION = YES;
				CLANG_WARN_OBJC_ROOT_CLASS = YES_ERROR;
				CLANG_WARN_RANGE_LOOP_ANALYSIS = YES;
				CLANG_WARN_STRICT_PROTOTYPES = YES;
				CLANG_WARN_SUSPICIOUS_MOVE = YES;
				CLANG_WARN_UNGUARDED_AVAILABILITY = YES_AGGRESSIVE;
				CLANG_WARN_UNREACHABLE_CODE = YES;
				CLANG_WARN__DUPLICATE_METHOD_MATCH = YES;
				CODE_SIGN_IDENTITY = "iPhone Developer";
				COPY_PHASE_STRIP = NO;
				DEBUG_INFORMATION_FORMAT = dwarf;
				ENABLE_STRICT_OBJC_MSGSEND = YES;
				ENABLE_TESTABILITY = YES;
				GCC_C_LANGUAGE_STANDARD = gnu11;
				GCC_DYNAMIC_NO_PIC = NO;
				GCC_NO_COMMON_BLOCKS = YES;
				GCC_OPTIMIZATION_LEVEL = 0;
				GCC_PRECOMPILE_PREFIX_HEADER = NO;
				GCC_PREPROCESSOR_DEFINITIONS = (
					"DEBUG=1",
					"$(inherited)",
				);
				GCC_WARN_64_TO_32_BIT_CONVERSION = YES;
				GCC_WARN_ABOUT_RETURN_TYPE = YES_ERROR;
				GCC_WARN_UNDECLARED_SELECTOR = YES;
				GCC_WARN_UNINITIALIZED_AUTOS = YES_AGGRESSIVE;
				GCC_WARN_UNUSED_FUNCTION = YES;
				GCC_WARN_UNUSED_VARIABLE = YES;
				IPHONEOS_DEPLOYMENT_TARGET = 12.1;
				MTL_ENABLE_DEBUG_INFO = INCLUDE_SOURCE;
				MTL_FAST_MATH = YES;
				ONLY_ACTIVE_ARCH = YES;
				SDKROOT = iphoneos;
			};
			name = Debug;
		};
		F73ABFF721BA6E0D00EF160A /* Release */ = {
			isa = XCBuildConfiguration;
			buildSettings = {
				ALWAYS_SEARCH_USER_PATHS = NO;
				CLANG_ANALYZER_NONNULL = YES;
				CLANG_ANALYZER_NUMBER_OBJECT_CONVERSION = YES_AGGRESSIVE;
				CLANG_CXX_LANGUAGE_STANDARD = "gnu++14";
				CLANG_CXX_LIBRARY = "libc++";
				CLANG_ENABLE_MODULES = YES;
				CLANG_ENABLE_OBJC_ARC = YES;
				CLANG_ENABLE_OBJC_WEAK = YES;
				CLANG_WARN_BLOCK_CAPTURE_AUTORELEASING = YES;
				CLANG_WARN_BOOL_CONVERSION = YES;
				CLANG_WARN_COMMA = YES;
				CLANG_WARN_CONSTANT_CONVERSION = YES;
				CLANG_WARN_DEPRECATED_OBJC_IMPLEMENTATIONS = YES;
				CLANG_WARN_DIRECT_OBJC_ISA_USAGE = YES_ERROR;
				CLANG_WARN_DOCUMENTATION_COMMENTS = YES;
				CLANG_WARN_EMPTY_BODY = YES;
				CLANG_WARN_ENUM_CONVERSION = YES;
				CLANG_WARN_INFINITE_RECURSION = YES;
				CLANG_WARN_INT_CONVERSION = YES;
				CLANG_WARN_NON_LITERAL_NULL_CONVERSION = YES;
				CLANG_WARN_OBJC_IMPLICIT_RETAIN_SELF = YES;
				CLANG_WARN_OBJC_LITERAL_CONVERSION = YES;
				CLANG_WARN_OBJC_ROOT_CLASS = YES_ERROR;
				CLANG_WARN_RANGE_LOOP_ANALYSIS = YES;
				CLANG_WARN_STRICT_PROTOTYPES = YES;
				CLANG_WARN_SUSPICIOUS_MOVE = YES;
				CLANG_WARN_UNGUARDED_AVAILABILITY = YES_AGGRESSIVE;
				CLANG_WARN_UNREACHABLE_CODE = YES;
				CLANG_WARN__DUPLICATE_METHOD_MATCH = YES;
				CODE_SIGN_IDENTITY = "iPhone Developer";
				COPY_PHASE_STRIP = NO;
				DEBUG_INFORMATION_FORMAT = "dwarf-with-dsym";
				ENABLE_NS_ASSERTIONS = NO;
				ENABLE_STRICT_OBJC_MSGSEND = YES;
				GCC_C_LANGUAGE_STANDARD = gnu11;
				GCC_NO_COMMON_BLOCKS = YES;
				GCC_PRECOMPILE_PREFIX_HEADER = NO;
				GCC_WARN_64_TO_32_BIT_CONVERSION = YES;
				GCC_WARN_ABOUT_RETURN_TYPE = YES_ERROR;
				GCC_WARN_UNDECLARED_SELECTOR = YES;
				GCC_WARN_UNINITIALIZED_AUTOS = YES_AGGRESSIVE;
				GCC_WARN_UNUSED_FUNCTION = YES;
				GCC_WARN_UNUSED_VARIABLE = YES;
				IPHONEOS_DEPLOYMENT_TARGET = 12.1;
				MTL_ENABLE_DEBUG_INFO = NO;
				MTL_FAST_MATH = YES;
				SDKROOT = iphoneos;
				VALIDATE_PRODUCT = YES;
			};
			name = Release;
		};
		F73ABFF921BA6E0D00EF160A /* Debug */ = {
			isa = XCBuildConfiguration;
			buildSettings = {
				ASSETCATALOG_COMPILER_APPICON_NAME = AppIcon;
				CODE_SIGN_STYLE = Manual;
				DEBUG_INFORMATION_FORMAT = "dwarf-with-dsym";
				DEVELOPMENT_TEAM = N38P9768D4;
				GCC_INCREASE_PRECOMPILED_HEADER_SHARING = NO;
				GCC_PRECOMPILE_PREFIX_HEADER = YES;
				GCC_PREFIX_HEADER = "$(SRCROOT)/PerformanceOptimization/PrefixHeader.pch";
				INFOPLIST_FILE = PerformanceOptimization/Info.plist;
				LD_RUNPATH_SEARCH_PATHS = (
					"$(inherited)",
					"@executable_path/Frameworks",
				);
				PRODUCT_BUNDLE_IDENTIFIER = com.gbanker.PerformanceOptimization;
				PRODUCT_NAME = "$(TARGET_NAME)";
				PROVISIONING_PROFILE_SPECIFIER = Wildcard;
				TARGETED_DEVICE_FAMILY = "1,2";
			};
			name = Debug;
		};
		F73ABFFA21BA6E0D00EF160A /* Release */ = {
			isa = XCBuildConfiguration;
			buildSettings = {
				ASSETCATALOG_COMPILER_APPICON_NAME = AppIcon;
				CODE_SIGN_STYLE = Manual;
				DEVELOPMENT_TEAM = "";
				GCC_INCREASE_PRECOMPILED_HEADER_SHARING = NO;
				GCC_PRECOMPILE_PREFIX_HEADER = YES;
				GCC_PREFIX_HEADER = "$(SRCROOT)/PerformanceOptimization/PrefixHeader.pch";
				INFOPLIST_FILE = PerformanceOptimization/Info.plist;
				LD_RUNPATH_SEARCH_PATHS = (
					"$(inherited)",
					"@executable_path/Frameworks",
				);
				PRODUCT_BUNDLE_IDENTIFIER = com.gbanker.PerformanceOptimization;
				PRODUCT_NAME = "$(TARGET_NAME)";
				PROVISIONING_PROFILE_SPECIFIER = "";
				TARGETED_DEVICE_FAMILY = "1,2";
			};
			name = Release;
		};
/* End XCBuildConfiguration section */

/* Begin XCConfigurationList section */
		F73ABFDD21BA6E0900EF160A /* Build configuration list for PBXProject "PerformanceOptimization" */ = {
			isa = XCConfigurationList;
			buildConfigurations = (
				F73ABFF621BA6E0D00EF160A /* Debug */,
				F73ABFF721BA6E0D00EF160A /* Release */,
			);
			defaultConfigurationIsVisible = 0;
			defaultConfigurationName = Release;
		};
		F73ABFF821BA6E0D00EF160A /* Build configuration list for PBXNativeTarget "PerformanceOptimization" */ = {
			isa = XCConfigurationList;
			buildConfigurations = (
				F73ABFF921BA6E0D00EF160A /* Debug */,
				F73ABFFA21BA6E0D00EF160A /* Release */,
			);
			defaultConfigurationIsVisible = 0;
			defaultConfigurationName = Release;
		};
/* End XCConfigurationList section */
	};
	rootObject = F73ABFDA21BA6E0900EF160A /* Project object */;
}
